
Microsoft Visual Studio Solution File, Format Version 12.00
# Visual Studio 15
VisualStudioVersion = 15.0.26730.8
MinimumVisualStudioVersion = 10.0.40219.1
Project("{FAE04EC0-301F-11D3-BF4B-00C04F79EFBC}") = "TutorManagementSystem", "TutorManagementSystem\TutorManagementSystem.csproj", "{C430984A-E344-4F68-9534-1DF665C6D3F7}"
EndProject
Global
	GlobalSection(SolutionConfigurationPlatforms) = preSolution
		Debug|Any CPU = Debug|Any CPU
		Release|Any CPU = Release|Any CPU
	EndGlobalSection
	GlobalSection(ProjectConfigurationPlatforms) = postSolution
		{C430984A-E344-4F68-9534-1DF665C6D3F7}.Debug|Any CPU.ActiveCfg = Debug|Any CPU
		{C430984A-E344-4F68-9534-1DF665C6D3F7}.Debug|Any CPU.Build.0 = Debug|Any CPU
		{C430984A-E344-4F68-9534-1DF665C6D3F7}.Release|Any CPU.ActiveCfg = Release|Any CPU
		{C430984A-E344-4F68-9534-1DF665C6D3F7}.Release|Any CPU.Build.0 = Release|Any CPU
	EndGlobalSection
	GlobalSection(SolutionProperties) = preSolution
		HideSolutionNode = FALSE
	EndGlobalSection
	GlobalSection(ExtensibilityGlobals) = postSolution
		SolutionGuid = {EBC23B7C-24D9-4D0C-AF25-3C2A1469D8E8}
	EndGlobalSection
EndGlobal
